
Microsoft Visual Studio Solution File, Format Version 12.00
# Visual Studio 15
VisualStudioVersion = 15.0.27004.2002
MinimumVisualStudioVersion = 10.0.40219.1
Project("{FAE04EC0-301F-11D3-BF4B-00C04F79EFBC}") = "NBCAsm", "NBCAsm\NBCAsm.csproj", "{AEEC3B28-D131-457E-AA27-35603E2706C6}"
EndProject
Global
	GlobalSection(SolutionConfigurationPlatforms) = preSolution
		Debug|Any CPU = Debug|Any CPU
		Release|Any CPU = Release|Any CPU
	EndGlobalSection
	GlobalSection(ProjectConfigurationPlatforms) = postSolution
		{AEEC3B28-D131-457E-AA27-35603E2706C6}.Debug|Any CPU.ActiveCfg = Debug|Any CPU
		{AEEC3B28-D131-457E-AA27-35603E2706C6}.Debug|Any CPU.Build.0 = Debug|Any CPU
		{AEEC3B28-D131-457E-AA27-35603E2706C6}.Release|Any CPU.ActiveCfg = Release|Any CPU
		{AEEC3B28-D131-457E-AA27-35603E2706C6}.Release|Any CPU.Build.0 = Release|Any CPU
	EndGlobalSection
	GlobalSection(SolutionProperties) = preSolution
		HideSolutionNode = FALSE
	EndGlobalSection
	GlobalSection(ExtensibilityGlobals) = postSolution
		SolutionGuid = {780825E9-B41C-4649-AA15-515561042C6D}
	EndGlobalSection
EndGlobal
